
Microsoft Visual Studio Solution File, Format Version 12.00
# Visual Studio Version 16
VisualStudioVersion = 16.0.29509.3
MinimumVisualStudioVersion = 10.0.40219.1
Project("{FAE04EC0-301F-11D3-BF4B-00C04F79EFBC}") = "DesignPattern.Factory", "DesignPattern.Factory.csproj", "{5456F400-B614-4B74-8B83-4F9148DAD49E}"
EndProject
Global
	GlobalSection(SolutionConfigurationPlatforms) = preSolution
		Debug|Any CPU = Debug|Any CPU
		Release|Any CPU = Release|Any CPU
	EndGlobalSection
	GlobalSection(ProjectConfigurationPlatforms) = postSolution
		{5456F400-B614-4B74-8B83-4F9148DAD49E}.Debug|Any CPU.ActiveCfg = Debug|Any CPU
		{5456F400-B614-4B74-8B83-4F9148DAD49E}.Debug|Any CPU.Build.0 = Debug|Any CPU
		{5456F400-B614-4B74-8B83-4F9148DAD49E}.Release|Any CPU.ActiveCfg = Release|Any CPU
		{5456F400-B614-4B74-8B83-4F9148DAD49E}.Release|Any CPU.Build.0 = Release|Any CPU
	EndGlobalSection
	GlobalSection(SolutionProperties) = preSolution
		HideSolutionNode = FALSE
	EndGlobalSection
	GlobalSection(ExtensibilityGlobals) = postSolution
		SolutionGuid = {0A84912E-D0B4-40F4-AC8C-D808D7600607}
	EndGlobalSection
EndGlobal
